
Microsoft Visual Studio Solution File, Format Version 12.00
# Visual Studio Version 16
VisualStudioVersion = 16.0.29920.165
MinimumVisualStudioVersion = 10.0.40219.1
Project("{FAE04EC0-301F-11D3-BF4B-00C04F79EFBC}") = "ACM.BL", "ACM.BL\ACM.BL.csproj", "{C8914A9A-DB21-42F0-8413-E1484E65054F}"
EndProject
Project("{2150E333-8FDC-42A3-9474-1A3956D46DE8}") = "Tests", "Tests", "{DFADA484-5551-4410-981E-52EA92E858DD}"
EndProject
Project("{FAE04EC0-301F-11D3-BF4B-00C04F79EFBC}") = "ACM.BLTests", "Tests\ACM.BLTests\ACM.BLTests.csproj", "{0B4B09B5-70ED-44E9-AE74-CF0E3EA19553}"
EndProject
Project("{FAE04EC0-301F-11D3-BF4B-00C04F79EFBC}") = "Acme.Common", "Acme.Common\Acme.Common.csproj", "{FCCC643C-7C32-4A55-B77B-F4AA09DCDF3A}"
EndProject
Project("{FAE04EC0-301F-11D3-BF4B-00C04F79EFBC}") = "Acme.CommonTests", "Tests\Acme.CommonTests\Acme.CommonTests.csproj", "{24C0DCEF-0E86-49F4-A102-897B3EC9E3AB}"
EndProject
Global
	GlobalSection(SolutionConfigurationPlatforms) = preSolution
		Debug|Any CPU = Debug|Any CPU
		Release|Any CPU = Release|Any CPU
	EndGlobalSection
	GlobalSection(ProjectConfigurationPlatforms) = postSolution
		{C8914A9A-DB21-42F0-8413-E1484E65054F}.Debug|Any CPU.ActiveCfg = Debug|Any CPU
		{C8914A9A-DB21-42F0-8413-E1484E65054F}.Debug|Any CPU.Build.0 = Debug|Any CPU
		{C8914A9A-DB21-42F0-8413-E1484E65054F}.Release|Any CPU.ActiveCfg = Release|Any CPU
		{C8914A9A-DB21-42F0-8413-E1484E65054F}.Release|Any CPU.Build.0 = Release|Any CPU
		{0B4B09B5-70ED-44E9-AE74-CF0E3EA19553}.Debug|Any CPU.ActiveCfg = Debug|Any CPU
		{0B4B09B5-70ED-44E9-AE74-CF0E3EA19553}.Debug|Any CPU.Build.0 = Debug|Any CPU
		{0B4B09B5-70ED-44E9-AE74-CF0E3EA19553}.Release|Any CPU.ActiveCfg = Release|Any CPU
		{0B4B09B5-70ED-44E9-AE74-CF0E3EA19553}.Release|Any CPU.Build.0 = Release|Any CPU
		{FCCC643C-7C32-4A55-B77B-F4AA09DCDF3A}.Debug|Any CPU.ActiveCfg = Debug|Any CPU
		{FCCC643C-7C32-4A55-B77B-F4AA09DCDF3A}.Debug|Any CPU.Build.0 = Debug|Any CPU
		{FCCC643C-7C32-4A55-B77B-F4AA09DCDF3A}.Release|Any CPU.ActiveCfg = Release|Any CPU
		{FCCC643C-7C32-4A55-B77B-F4AA09DCDF3A}.Release|Any CPU.Build.0 = Release|Any CPU
		{24C0DCEF-0E86-49F4-A102-897B3EC9E3AB}.Debug|Any CPU.ActiveCfg = Debug|Any CPU
		{24C0DCEF-0E86-49F4-A102-897B3EC9E3AB}.Debug|Any CPU.Build.0 = Debug|Any CPU
		{24C0DCEF-0E86-49F4-A102-897B3EC9E3AB}.Release|Any CPU.ActiveCfg = Release|Any CPU
		{24C0DCEF-0E86-49F4-A102-897B3EC9E3AB}.Release|Any CPU.Build.0 = Release|Any CPU
	EndGlobalSection
	GlobalSection(SolutionProperties) = preSolution
		HideSolutionNode = FALSE
	EndGlobalSection
	GlobalSection(NestedProjects) = preSolution
		{0B4B09B5-70ED-44E9-AE74-CF0E3EA19553} = {DFADA484-5551-4410-981E-52EA92E858DD}
		{24C0DCEF-0E86-49F4-A102-897B3EC9E3AB} = {DFADA484-5551-4410-981E-52EA92E858DD}
	EndGlobalSection
	GlobalSection(ExtensibilityGlobals) = postSolution
		SolutionGuid = {CF2818B3-472E-4B4F-A612-FB5A924FEA1C}
	EndGlobalSection
EndGlobal
